
Microsoft Visual Studio Solution File, Format Version 12.00
# Visual Studio Version 16
VisualStudioVersion = 16.0.29519.181
MinimumVisualStudioVersion = 10.0.40219.1
Project("{FAE04EC0-301F-11D3-BF4B-00C04F79EFBC}") = "MoneyMaker", "MoneyMaker.csproj", "{8D1E5BA8-1556-4BCD-A9CD-94806CFC8FE0}"
EndProject
Global
	GlobalSection(SolutionConfigurationPlatforms) = preSolution
		Debug|Any CPU = Debug|Any CPU
		Release|Any CPU = Release|Any CPU
	EndGlobalSection
	GlobalSection(ProjectConfigurationPlatforms) = postSolution
		{8D1E5BA8-1556-4BCD-A9CD-94806CFC8FE0}.Debug|Any CPU.ActiveCfg = Debug|Any CPU
		{8D1E5BA8-1556-4BCD-A9CD-94806CFC8FE0}.Debug|Any CPU.Build.0 = Debug|Any CPU
		{8D1E5BA8-1556-4BCD-A9CD-94806CFC8FE0}.Release|Any CPU.ActiveCfg = Release|Any CPU
		{8D1E5BA8-1556-4BCD-A9CD-94806CFC8FE0}.Release|Any CPU.Build.0 = Release|Any CPU
	EndGlobalSection
	GlobalSection(SolutionProperties) = preSolution
		HideSolutionNode = FALSE
	EndGlobalSection
	GlobalSection(ExtensibilityGlobals) = postSolution
		SolutionGuid = {A2FDA2E4-D17A-47F6-B0C9-3E6489785F52}
	EndGlobalSection
EndGlobal
